
Microsoft Visual Studio Solution File, Format Version 12.00
# Visual Studio Version 17
VisualStudioVersion = 17.7.34031.279
MinimumVisualStudioVersion = 10.0.40219.1
Project("{FAE04EC0-301F-11D3-BF4B-00C04F79EFBC}") = "WpfApp1", "WpfApp1\WpfApp1.csproj", "{CEC62580-2F39-4F04-9F1F-962B31339AE5}"
EndProject
Global
	GlobalSection(SolutionConfigurationPlatforms) = preSolution
		Debug|Any CPU = Debug|Any CPU
		Release|Any CPU = Release|Any CPU
	EndGlobalSection
	GlobalSection(ProjectConfigurationPlatforms) = postSolution
		{CEC62580-2F39-4F04-9F1F-962B31339AE5}.Debug|Any CPU.ActiveCfg = Debug|Any CPU
		{CEC62580-2F39-4F04-9F1F-962B31339AE5}.Debug|Any CPU.Build.0 = Debug|Any CPU
		{CEC62580-2F39-4F04-9F1F-962B31339AE5}.Release|Any CPU.ActiveCfg = Release|Any CPU
		{CEC62580-2F39-4F04-9F1F-962B31339AE5}.Release|Any CPU.Build.0 = Release|Any CPU
	EndGlobalSection
	GlobalSection(SolutionProperties) = preSolution
		HideSolutionNode = FALSE
	EndGlobalSection
	GlobalSection(ExtensibilityGlobals) = postSolution
		SolutionGuid = {03A66748-95C0-4CB3-B75C-3A6427D2DD90}
	EndGlobalSection
EndGlobal
